// !$*UTF8*$!
{
	archiveVersion = 1;
	classes = {
	};
	objectVersion = 47;
	objects = {

/* Begin PBXBuildFile section */
		1A8F4FDB1C1F0EA6002B5E04 /* Assets.xcassets in Resources */ = {isa = PBXBuildFile; fileRef = 1A8F4FDA1C1F0EA6002B5E04 /* Assets.xcassets */; };
		1A8F4FE91C1F0EA6002B5E04 /* mobilesynthswiftTests.swift in Sources */ = {isa = PBXBuildFile; fileRef = 1A8F4FE81C1F0EA6002B5E04 /* mobilesynthswiftTests.swift */; };
		1A8F4FF41C1F0EA6002B5E04 /* mobilesynthswiftUITests.swift in Sources */ = {isa = PBXBuildFile; fileRef = 1A8F4FF31C1F0EA6002B5E04 /* mobilesynthswiftUITests.swift */; };
		1A8F50091C1F0F23002B5E04 /* MobilesynthViewController.swift in Sources */ = {isa = PBXBuildFile; fileRef = 1A8F50031C1F0F23002B5E04 /* MobilesynthViewController.swift */; };
		1A8F500A1C1F0F23002B5E04 /* AppDelegate.swift in Sources */ = {isa = PBXBuildFile; fileRef = 1A8F50051C1F0F23002B5E04 /* AppDelegate.swift */; };
		1A9A61F91C26E38D001B5DB2 /* KeyView.swift in Sources */ = {isa = PBXBuildFile; fileRef = 1A9A61F81C26E38D001B5DB2 /* KeyView.swift */; };
		1AD177AF1C253DEA00CA4FC6 /* MainWindow.xib in Resources */ = {isa = PBXBuildFile; fileRef = 1AD177AB1C253DEA00CA4FC6 /* MainWindow.xib */; };
		1AD177B01C253DEA00CA4FC6 /* MobilesynthView.xib in Resources */ = {isa = PBXBuildFile; fileRef = 1AD177AD1C253DEA00CA4FC6 /* MobilesynthView.xib */; };
		1AD177B41C253EE500CA4FC6 /* ControlScrollView.swift in Sources */ = {isa = PBXBuildFile; fileRef = 1AD177B31C253EE500CA4FC6 /* ControlScrollView.swift */; };
		1AD177B61C29298900CA4FC6 /* TouchForwardingUIScrollView.swift in Sources */ = {isa = PBXBuildFile; fileRef = 1AD177B51C29298900CA4FC6 /* TouchForwardingUIScrollView.swift */; };
		1AD17CD81C2C3BE600CA4FC6 /* BlackKeyView.swift in Sources */ = {isa = PBXBuildFile; fileRef = 1AD17CD71C2C3BE600CA4FC6 /* BlackKeyView.swift */; };
		1AD17CDD1C2C412100CA4FC6 /* CoreGraphics.framework in Frameworks */ = {isa = PBXBuildFile; fileRef = 1AD17CDC1C2C412100CA4FC6 /* CoreGraphics.framework */; };
		1AD17CE01C2C45B100CA4FC6 /* WhiteKeyView.swift in Sources */ = {isa = PBXBuildFile; fileRef = 1AD17CDF1C2C45B100CA4FC6 /* WhiteKeyView.swift */; };
		BD7912A41C224ED600BF486B /* Default.png in Resources */ = {isa = PBXBuildFile; fileRef = BD79128B1C224ED600BF486B /* Default.png */; };
		BD7912A51C224ED600BF486B /* Icon.png in Resources */ = {isa = PBXBuildFile; fileRef = BD79128C1C224ED600BF486B /* Icon.png */; };
		BD7912A61C224ED600BF486B /* attack.png in Resources */ = {isa = PBXBuildFile; fileRef = BD79128E1C224ED600BF486B /* attack.png */; };
		BD7912A71C224ED600BF486B /* decay.png in Resources */ = {isa = PBXBuildFile; fileRef = BD79128F1C224ED600BF486B /* decay.png */; };
		BD7912A81C224ED600BF486B /* PhattyStage-xlarge.jpg in Resources */ = {isa = PBXBuildFile; fileRef = BD7912911C224ED600BF486B /* PhattyStage-xlarge.jpg */; };
		BD7912A91C224ED600BF486B /* mlpf1_large.jpg in Resources */ = {isa = PBXBuildFile; fileRef = BD7912921C224ED600BF486B /* mlpf1_large.jpg */; };
		BD7912AA1C224ED600BF486B /* keyboard-blank.png in Resources */ = {isa = PBXBuildFile; fileRef = BD7912931C224ED600BF486B /* keyboard-blank.png */; };
		BD7912AB1C224ED600BF486B /* keyboard-full.png in Resources */ = {isa = PBXBuildFile; fileRef = BD7912941C224ED600BF486B /* keyboard-full.png */; };
		BD7912AC1C224ED600BF486B /* keyboard-large.png in Resources */ = {isa = PBXBuildFile; fileRef = BD7912951C224ED600BF486B /* keyboard-large.png */; };
		BD7912AD1C224ED600BF486B /* keyboard-max.png in Resources */ = {isa = PBXBuildFile; fileRef = BD7912961C224ED600BF486B /* keyboard-max.png */; };
		BD7912AE1C224ED600BF486B /* keyboard.png in Resources */ = {isa = PBXBuildFile; fileRef = BD7912971C224ED600BF486B /* keyboard.png */; };
		BD7912AF1C224ED600BF486B /* mobilesynth.png in Resources */ = {isa = PBXBuildFile; fileRef = BD7912981C224ED600BF486B /* mobilesynth.png */; };
		BD7912B01C224ED600BF486B /* release.png in Resources */ = {isa = PBXBuildFile; fileRef = BD7912991C224ED600BF486B /* release.png */; };
		BD7912B11C224ED600BF486B /* reverse-sawtooth-wave.png in Resources */ = {isa = PBXBuildFile; fileRef = BD79129A1C224ED600BF486B /* reverse-sawtooth-wave.png */; };
		BD7912B21C224ED600BF486B /* sawtooth-wave.png in Resources */ = {isa = PBXBuildFile; fileRef = BD79129B1C224ED600BF486B /* sawtooth-wave.png */; };
		BD7912B31C224ED600BF486B /* square-wave.png in Resources */ = {isa = PBXBuildFile; fileRef = BD79129C1C224ED600BF486B /* square-wave.png */; };
		BD7912B41C224ED600BF486B /* Screenshot 2009.02.28 20.38.05.jpg in Resources */ = {isa = PBXBuildFile; fileRef = BD79129E1C224ED600BF486B /* Screenshot 2009.02.28 20.38.05.jpg */; };
		BD7912B51C224ED600BF486B /* Screenshot 2009.02.28 20.41.10.jpg in Resources */ = {isa = PBXBuildFile; fileRef = BD79129F1C224ED600BF486B /* Screenshot 2009.02.28 20.41.10.jpg */; };
		BD7912B61C224ED600BF486B /* Screenshot 2009.02.28 20.41.23.jpg in Resources */ = {isa = PBXBuildFile; fileRef = BD7912A01C224ED600BF486B /* Screenshot 2009.02.28 20.41.23.jpg */; };
		BD7912B71C224ED600BF486B /* storefront.tiff in Resources */ = {isa = PBXBuildFile; fileRef = BD7912A11C224ED600BF486B /* storefront.tiff */; };
		BD7912B81C224ED600BF486B /* sustain.png in Resources */ = {isa = PBXBuildFile; fileRef = BD7912A21C224ED600BF486B /* sustain.png */; };
		BD7912B91C224ED600BF486B /* triangle-wave.png in Resources */ = {isa = PBXBuildFile; fileRef = BD7912A31C224ED600BF486B /* triangle-wave.png */; };
/* End PBXBuildFile section */

/* Begin PBXContainerItemProxy section */
		1A8F4FE51C1F0EA6002B5E04 /* PBXContainerItemProxy */ = {
			isa = PBXContainerItemProxy;
			containerPortal = 1A8F4FC81C1F0EA6002B5E04 /* Project object */;
			proxyType = 1;
			remoteGlobalIDString = 1A8F4FCF1C1F0EA6002B5E04;
			remoteInfo = mobilesynthswift;
		};
		1A8F4FF01C1F0EA6002B5E04 /* PBXContainerItemProxy */ = {
			isa = PBXContainerItemProxy;
			containerPortal = 1A8F4FC81C1F0EA6002B5E04 /* Project object */;
			proxyType = 1;
			remoteGlobalIDString = 1A8F4FCF1C1F0EA6002B5E04;
			remoteInfo = mobilesynthswift;
		};
/* End PBXContainerItemProxy section */

/* Begin PBXFileReference section */
		1A8F4FD01C1F0EA6002B5E04 /* mobilesynthswift.app */ = {isa = PBXFileReference; explicitFileType = wrapper.application; includeInIndex = 0; path = mobilesynthswift.app; sourceTree = BUILT_PRODUCTS_DIR; };
		1A8F4FDA1C1F0EA6002B5E04 /* Assets.xcassets */ = {isa = PBXFileReference; lastKnownFileType = folder.assetcatalog; path = Assets.xcassets; sourceTree = "<group>"; };
		1A8F4FDF1C1F0EA6002B5E04 /* Info.plist */ = {isa = PBXFileReference; lastKnownFileType = text.plist.xml; path = Info.plist; sourceTree = "<group>"; };
		1A8F4FE41C1F0EA6002B5E04 /* mobilesynthswiftTests.xctest */ = {isa = PBXFileReference; explicitFileType = wrapper.cfbundle; includeInIndex = 0; path = mobilesynthswiftTests.xctest; sourceTree = BUILT_PRODUCTS_DIR; };
		1A8F4FE81C1F0EA6002B5E04 /* mobilesynthswiftTests.swift */ = {isa = PBXFileReference; lastKnownFileType = sourcecode.swift; path = mobilesynthswiftTests.swift; sourceTree = "<group>"; };
		1A8F4FEA1C1F0EA6002B5E04 /* Info.plist */ = {isa = PBXFileReference; lastKnownFileType = text.plist.xml; path = Info.plist; sourceTree = "<group>"; };
		1A8F4FEF1C1F0EA6002B5E04 /* mobilesynthswiftUITests.xctest */ = {isa = PBXFileReference; explicitFileType = wrapper.cfbundle; includeInIndex = 0; path = mobilesynthswiftUITests.xctest; sourceTree = BUILT_PRODUCTS_DIR; };
		1A8F4FF31C1F0EA6002B5E04 /* mobilesynthswiftUITests.swift */ = {isa = PBXFileReference; lastKnownFileType = sourcecode.swift; path = mobilesynthswiftUITests.swift; sourceTree = "<group>"; };
		1A8F4FF51C1F0EA6002B5E04 /* Info.plist */ = {isa = PBXFileReference; lastKnownFileType = text.plist.xml; path = Info.plist; sourceTree = "<group>"; };
		1A8F50031C1F0F23002B5E04 /* MobilesynthViewController.swift */ = {isa = PBXFileReference; fileEncoding = 4; lastKnownFileType = sourcecode.swift; path = MobilesynthViewController.swift; sourceTree = "<group>"; };
		1A8F50051C1F0F23002B5E04 /* AppDelegate.swift */ = {isa = PBXFileReference; fileEncoding = 4; lastKnownFileType = sourcecode.swift; path = AppDelegate.swift; sourceTree = "<group>"; };
		1A9A61F81C26E38D001B5DB2 /* KeyView.swift */ = {isa = PBXFileReference; fileEncoding = 4; lastKnownFileType = sourcecode.swift; path = KeyView.swift; sourceTree = "<group>"; };
		1AD177AC1C253DEA00CA4FC6 /* Base */ = {isa = PBXFileReference; lastKnownFileType = file.xib; name = Base; path = MainWindow.xib; sourceTree = "<group>"; };
		1AD177AE1C253DEA00CA4FC6 /* Base */ = {isa = PBXFileReference; lastKnownFileType = file.xib; name = Base; path = MobilesynthView.xib; sourceTree = "<group>"; };
		1AD177B31C253EE500CA4FC6 /* ControlScrollView.swift */ = {isa = PBXFileReference; fileEncoding = 4; lastKnownFileType = sourcecode.swift; path = ControlScrollView.swift; sourceTree = "<group>"; };
		1AD177B51C29298900CA4FC6 /* TouchForwardingUIScrollView.swift */ = {isa = PBXFileReference; fileEncoding = 4; lastKnownFileType = sourcecode.swift; path = TouchForwardingUIScrollView.swift; sourceTree = "<group>"; };
		1AD17CD71C2C3BE600CA4FC6 /* BlackKeyView.swift */ = {isa = PBXFileReference; fileEncoding = 4; lastKnownFileType = sourcecode.swift; path = BlackKeyView.swift; sourceTree = "<group>"; };
		1AD17CDC1C2C412100CA4FC6 /* CoreGraphics.framework */ = {isa = PBXFileReference; lastKnownFileType = wrapper.framework; name = CoreGraphics.framework; path = System/Library/Frameworks/CoreGraphics.framework; sourceTree = SDKROOT; };
		1AD17CDF1C2C45B100CA4FC6 /* WhiteKeyView.swift */ = {isa = PBXFileReference; fileEncoding = 4; lastKnownFileType = sourcecode.swift; path = WhiteKeyView.swift; sourceTree = "<group>"; };
		BD79128B1C224ED600BF486B /* Default.png */ = {isa = PBXFileReference; lastKnownFileType = image.png; path = Default.png; sourceTree = "<group>"; };
		BD79128C1C224ED600BF486B /* Icon.png */ = {isa = PBXFileReference; lastKnownFileType = image.png; path = Icon.png; sourceTree = "<group>"; };
		BD79128E1C224ED600BF486B /* attack.png */ = {isa = PBXFileReference; lastKnownFileType = image.png; path = attack.png; sourceTree = "<group>"; };
		BD79128F1C224ED600BF486B /* decay.png */ = {isa = PBXFileReference; lastKnownFileType = image.png; path = decay.png; sourceTree = "<group>"; };
		BD7912911C224ED600BF486B /* PhattyStage-xlarge.jpg */ = {isa = PBXFileReference; lastKnownFileType = image.jpeg; path = "PhattyStage-xlarge.jpg"; sourceTree = "<group>"; };
		BD7912921C224ED600BF486B /* mlpf1_large.jpg */ = {isa = PBXFileReference; lastKnownFileType = image.jpeg; path = mlpf1_large.jpg; sourceTree = "<group>"; };
		BD7912931C224ED600BF486B /* keyboard-blank.png */ = {isa = PBXFileReference; lastKnownFileType = image.png; path = "keyboard-blank.png"; sourceTree = "<group>"; };
		BD7912941C224ED600BF486B /* keyboard-full.png */ = {isa = PBXFileReference; lastKnownFileType = image.png; path = "keyboard-full.png"; sourceTree = "<group>"; };
		BD7912951C224ED600BF486B /* keyboard-large.png */ = {isa = PBXFileReference; lastKnownFileType = image.png; path = "keyboard-large.png"; sourceTree = "<group>"; };
		BD7912961C224ED600BF486B /* keyboard-max.png */ = {isa = PBXFileReference; lastKnownFileType = image.png; path = "keyboard-max.png"; sourceTree = "<group>"; };
		BD7912971C224ED600BF486B /* keyboard.png */ = {isa = PBXFileReference; lastKnownFileType = image.png; path = keyboard.png; sourceTree = "<group>"; };
		BD7912981C224ED600BF486B /* mobilesynth.png */ = {isa = PBXFileReference; lastKnownFileType = image.png; path = mobilesynth.png; sourceTree = "<group>"; };
		BD7912991C224ED600BF486B /* release.png */ = {isa = PBXFileReference; lastKnownFileType = image.png; path = release.png; sourceTree = "<group>"; };
		BD79129A1C224ED600BF486B /* reverse-sawtooth-wave.png */ = {isa = PBXFileReference; lastKnownFileType = image.png; path = "reverse-sawtooth-wave.png"; sourceTree = "<group>"; };
		BD79129B1C224ED600BF486B /* sawtooth-wave.png */ = {isa = PBXFileReference; lastKnownFileType = image.png; path = "sawtooth-wave.png"; sourceTree = "<group>"; };
		BD79129C1C224ED600BF486B /* square-wave.png */ = {isa = PBXFileReference; lastKnownFileType = image.png; path = "square-wave.png"; sourceTree = "<group>"; };
		BD79129E1C224ED600BF486B /* Screenshot 2009.02.28 20.38.05.jpg */ = {isa = PBXFileReference; lastKnownFileType = image.jpeg; path = "Screenshot 2009.02.28 20.38.05.jpg"; sourceTree = "<group>"; };
		BD79129F1C224ED600BF486B /* Screenshot 2009.02.28 20.41.10.jpg */ = {isa = PBXFileReference; lastKnownFileType = image.jpeg; path = "Screenshot 2009.02.28 20.41.10.jpg"; sourceTree = "<group>"; };
		BD7912A01C224ED600BF486B /* Screenshot 2009.02.28 20.41.23.jpg */ = {isa = PBXFileReference; lastKnownFileType = image.jpeg; path = "Screenshot 2009.02.28 20.41.23.jpg"; sourceTree = "<group>"; };
		BD7912A11C224ED600BF486B /* storefront.tiff */ = {isa = PBXFileReference; lastKnownFileType = image.tiff; path = storefront.tiff; sourceTree = "<group>"; };
		BD7912A21C224ED600BF486B /* sustain.png */ = {isa = PBXFileReference; lastKnownFileType = image.png; path = sustain.png; sourceTree = "<group>"; };
		BD7912A31C224ED600BF486B /* triangle-wave.png */ = {isa = PBXFileReference; lastKnownFileType = image.png; path = "triangle-wave.png"; sourceTree = "<group>"; };
/* End PBXFileReference section */

/* Begin PBXFrameworksBuildPhase section */
		1A8F4FCD1C1F0EA6002B5E04 /* Frameworks */ = {
			isa = PBXFrameworksBuildPhase;
			buildActionMask = 2147483647;
			files = (
				1AD17CDD1C2C412100CA4FC6 /* CoreGraphics.framework in Frameworks */,
			);
			runOnlyForDeploymentPostprocessing = 0;
		};
		1A8F4FE11C1F0EA6002B5E04 /* Frameworks */ = {
			isa = PBXFrameworksBuildPhase;
			buildActionMask = 2147483647;
			files = (
			);
			runOnlyForDeploymentPostprocessing = 0;
		};
		1A8F4FEC1C1F0EA6002B5E04 /* Frameworks */ = {
			isa = PBXFrameworksBuildPhase;
			buildActionMask = 2147483647;
			files = (
			);
			runOnlyForDeploymentPostprocessing = 0;
		};
/* End PBXFrameworksBuildPhase section */

/* Begin PBXGroup section */
		1A8F4FC71C1F0EA6002B5E04 = {
			isa = PBXGroup;
			children = (
				1AD17CDE1C2C412900CA4FC6 /* Frameworks */,
				1A8F4FD21C1F0EA6002B5E04 /* mobilesynthswift */,
				1A8F4FE71C1F0EA6002B5E04 /* mobilesynthswiftTests */,
				1A8F4FF21C1F0EA6002B5E04 /* mobilesynthswiftUITests */,
				1A8F4FD11C1F0EA6002B5E04 /* Products */,
			);
			sourceTree = "<group>";
		};
		1A8F4FD11C1F0EA6002B5E04 /* Products */ = {
			isa = PBXGroup;
			children = (
				1A8F4FD01C1F0EA6002B5E04 /* mobilesynthswift.app */,
				1A8F4FE41C1F0EA6002B5E04 /* mobilesynthswiftTests.xctest */,
				1A8F4FEF1C1F0EA6002B5E04 /* mobilesynthswiftUITests.xctest */,
			);
			name = Products;
			sourceTree = "<group>";
		};
		1A8F4FD21C1F0EA6002B5E04 /* mobilesynthswift */ = {
			isa = PBXGroup;
			children = (
				BD7912891C224ED600BF486B /* Resources */,
				1A8F50011C1F0F23002B5E04 /* Classes */,
				1A8F4FDA1C1F0EA6002B5E04 /* Assets.xcassets */,
				1A8F4FDF1C1F0EA6002B5E04 /* Info.plist */,
			);
			path = mobilesynthswift;
			sourceTree = "<group>";
		};
		1A8F4FE71C1F0EA6002B5E04 /* mobilesynthswiftTests */ = {
			isa = PBXGroup;
			children = (
				1A8F4FE81C1F0EA6002B5E04 /* mobilesynthswiftTests.swift */,
				1A8F4FEA1C1F0EA6002B5E04 /* Info.plist */,
			);
			path = mobilesynthswiftTests;
			sourceTree = "<group>";
		};
		1A8F4FF21C1F0EA6002B5E04 /* mobilesynthswiftUITests */ = {
			isa = PBXGroup;
			children = (
				1A8F4FF31C1F0EA6002B5E04 /* mobilesynthswiftUITests.swift */,
				1A8F4FF51C1F0EA6002B5E04 /* Info.plist */,
			);
			path = mobilesynthswiftUITests;
			sourceTree = "<group>";
		};
		1A8F50011C1F0F23002B5E04 /* Classes */ = {
			isa = PBXGroup;
			children = (
				1AD177A71C253D2900CA4FC6 /* Xib */,
				1A8F50021C1F0F23002B5E04 /* Controller */,
				1A8F50041C1F0F23002B5E04 /* Delegate */,
				1A8F50061C1F0F23002B5E04 /* View */,
			);
			path = Classes;
			sourceTree = "<group>";
		};
		1A8F50021C1F0F23002B5E04 /* Controller */ = {
			isa = PBXGroup;
			children = (
				1A8F50031C1F0F23002B5E04 /* MobilesynthViewController.swift */,
			);
			path = Controller;
			sourceTree = "<group>";
		};
		1A8F50041C1F0F23002B5E04 /* Delegate */ = {
			isa = PBXGroup;
			children = (
				1A8F50051C1F0F23002B5E04 /* AppDelegate.swift */,
			);
			path = Delegate;
			sourceTree = "<group>";
		};
		1A8F50061C1F0F23002B5E04 /* View */ = {
			isa = PBXGroup;
			children = (
				1AD177B31C253EE500CA4FC6 /* ControlScrollView.swift */,
				1A9A61F81C26E38D001B5DB2 /* KeyView.swift */,
				1AD177B51C29298900CA4FC6 /* TouchForwardingUIScrollView.swift */,
				1AD17CD71C2C3BE600CA4FC6 /* BlackKeyView.swift */,
				1AD17CDF1C2C45B100CA4FC6 /* WhiteKeyView.swift */,
			);
			path = View;
			sourceTree = "<group>";
		};
		1AD177A71C253D2900CA4FC6 /* Xib */ = {
			isa = PBXGroup;
			children = (
				1AD177AA1C253DEA00CA4FC6 /* Base.lproj */,
			);
			name = Xib;
			sourceTree = "<group>";
		};
		1AD177AA1C253DEA00CA4FC6 /* Base.lproj */ = {
			isa = PBXGroup;
			children = (
				1AD177AB1C253DEA00CA4FC6 /* MainWindow.xib */,
				1AD177AD1C253DEA00CA4FC6 /* MobilesynthView.xib */,
			);
			name = Base.lproj;
			path = Xib/Base.lproj;
			sourceTree = "<group>";
		};
		1AD17CDE1C2C412900CA4FC6 /* Frameworks */ = {
			isa = PBXGroup;
			children = (
				1AD17CDC1C2C412100CA4FC6 /* CoreGraphics.framework */,
			);
			name = Frameworks;
			sourceTree = "<group>";
		};
		BD7912891C224ED600BF486B /* Resources */ = {
			isa = PBXGroup;
			children = (
				BD79128A1C224ED600BF486B /* images */,
			);
			path = Resources;
			sourceTree = "<group>";
		};
		BD79128A1C224ED600BF486B /* images */ = {
			isa = PBXGroup;
			children = (
				BD79128B1C224ED600BF486B /* Default.png */,
				BD79128C1C224ED600BF486B /* Icon.png */,
				BD79128D1C224ED600BF486B /* images */,
			);
			path = images;
			sourceTree = "<group>";
		};
		BD79128D1C224ED600BF486B /* images */ = {
			isa = PBXGroup;
			children = (
				BD79128E1C224ED600BF486B /* attack.png */,
				BD79128F1C224ED600BF486B /* decay.png */,
				BD7912901C224ED600BF486B /* hardware */,
				BD7912931C224ED600BF486B /* keyboard-blank.png */,
				BD7912941C224ED600BF486B /* keyboard-full.png */,
				BD7912951C224ED600BF486B /* keyboard-large.png */,
				BD7912961C224ED600BF486B /* keyboard-max.png */,
				BD7912971C224ED600BF486B /* keyboard.png */,
				BD7912981C224ED600BF486B /* mobilesynth.png */,
				BD7912991C224ED600BF486B /* release.png */,
				BD79129A1C224ED600BF486B /* reverse-sawtooth-wave.png */,
				BD79129B1C224ED600BF486B /* sawtooth-wave.png */,
				BD79129C1C224ED600BF486B /* square-wave.png */,
				BD79129D1C224ED600BF486B /* store */,
				BD7912A21C224ED600BF486B /* sustain.png */,
				BD7912A31C224ED600BF486B /* triangle-wave.png */,
			);
			path = images;
			sourceTree = "<group>";
		};
		BD7912901C224ED600BF486B /* hardware */ = {
			isa = PBXGroup;
			children = (
				BD7912911C224ED600BF486B /* PhattyStage-xlarge.jpg */,
				BD7912921C224ED600BF486B /* mlpf1_large.jpg */,
			);
			path = hardware;
			sourceTree = "<group>";
		};
		BD79129D1C224ED600BF486B /* store */ = {
			isa = PBXGroup;
			children = (
				BD79129E1C224ED600BF486B /* Screenshot 2009.02.28 20.38.05.jpg */,
				BD79129F1C224ED600BF486B /* Screenshot 2009.02.28 20.41.10.jpg */,
				BD7912A01C224ED600BF486B /* Screenshot 2009.02.28 20.41.23.jpg */,
				BD7912A11C224ED600BF486B /* storefront.tiff */,
			);
			path = store;
			sourceTree = "<group>";
		};
/* End PBXGroup section */

/* Begin PBXNativeTarget section */
		1A8F4FCF1C1F0EA6002B5E04 /* mobilesynthswift */ = {
			isa = PBXNativeTarget;
			buildConfigurationList = 1A8F4FF81C1F0EA6002B5E04 /* Build configuration list for PBXNativeTarget "mobilesynthswift" */;
			buildPhases = (
				1A8F4FCC1C1F0EA6002B5E04 /* Sources */,
				1A8F4FCD1C1F0EA6002B5E04 /* Frameworks */,
				1A8F4FCE1C1F0EA6002B5E04 /* Resources */,
			);
			buildRules = (
			);
			dependencies = (
			);
			name = mobilesynthswift;
			productName = mobilesynthswift;
			productReference = 1A8F4FD01C1F0EA6002B5E04 /* mobilesynthswift.app */;
			productType = "com.apple.product-type.application";
		};
		1A8F4FE31C1F0EA6002B5E04 /* mobilesynthswiftTests */ = {
			isa = PBXNativeTarget;
			buildConfigurationList = 1A8F4FFB1C1F0EA6002B5E04 /* Build configuration list for PBXNativeTarget "mobilesynthswiftTests" */;
			buildPhases = (
				1A8F4FE01C1F0EA6002B5E04 /* Sources */,
				1A8F4FE11C1F0EA6002B5E04 /* Frameworks */,
				1A8F4FE21C1F0EA6002B5E04 /* Resources */,
			);
			buildRules = (
			);
			dependencies = (
				1A8F4FE61C1F0EA6002B5E04 /* PBXTargetDependency */,
			);
			name = mobilesynthswiftTests;
			productName = mobilesynthswiftTests;
			productReference = 1A8F4FE41C1F0EA6002B5E04 /* mobilesynthswiftTests.xctest */;
			productType = "com.apple.product-type.bundle.unit-test";
		};
		1A8F4FEE1C1F0EA6002B5E04 /* mobilesynthswiftUITests */ = {
			isa = PBXNativeTarget;
			buildConfigurationList = 1A8F4FFE1C1F0EA6002B5E04 /* Build configuration list for PBXNativeTarget "mobilesynthswiftUITests" */;
			buildPhases = (
				1A8F4FEB1C1F0EA6002B5E04 /* Sources */,
				1A8F4FEC1C1F0EA6002B5E04 /* Frameworks */,
				1A8F4FED1C1F0EA6002B5E04 /* Resources */,
			);
			buildRules = (
			);
			dependencies = (
				1A8F4FF11C1F0EA6002B5E04 /* PBXTargetDependency */,
			);
			name = mobilesynthswiftUITests;
			productName = mobilesynthswiftUITests;
			productReference = 1A8F4FEF1C1F0EA6002B5E04 /* mobilesynthswiftUITests.xctest */;
			productType = "com.apple.product-type.bundle.ui-testing";
		};
/* End PBXNativeTarget section */

/* Begin PBXProject section */
		1A8F4FC81C1F0EA6002B5E04 /* Project object */ = {
			isa = PBXProject;
			attributes = {
				LastSwiftUpdateCheck = 0720;
				LastUpgradeCheck = 0720;
				ORGANIZATIONNAME = TestOrg;
				TargetAttributes = {
					1A8F4FCF1C1F0EA6002B5E04 = {
						CreatedOnToolsVersion = 7.2;
					};
					1A8F4FE31C1F0EA6002B5E04 = {
						CreatedOnToolsVersion = 7.2;
						TestTargetID = 1A8F4FCF1C1F0EA6002B5E04;
					};
					1A8F4FEE1C1F0EA6002B5E04 = {
						CreatedOnToolsVersion = 7.2;
						TestTargetID = 1A8F4FCF1C1F0EA6002B5E04;
					};
				};
			};
			buildConfigurationList = 1A8F4FCB1C1F0EA6002B5E04 /* Build configuration list for PBXProject "mobilesynthswift" */;
			compatibilityVersion = "Xcode 6.3";
			developmentRegion = English;
			hasScannedForEncodings = 0;
			knownRegions = (
				en,
				Base,
			);
			mainGroup = 1A8F4FC71C1F0EA6002B5E04;
			productRefGroup = 1A8F4FD11C1F0EA6002B5E04 /* Products */;
			projectDirPath = "";
			projectRoot = "";
			targets = (
				1A8F4FCF1C1F0EA6002B5E04 /* mobilesynthswift */,
				1A8F4FE31C1F0EA6002B5E04 /* mobilesynthswiftTests */,
				1A8F4FEE1C1F0EA6002B5E04 /* mobilesynthswiftUITests */,
			);
		};
/* End PBXProject section */

/* Begin PBXResourcesBuildPhase section */
		1A8F4FCE1C1F0EA6002B5E04 /* Resources */ = {
			isa = PBXResourcesBuildPhase;
			buildActionMask = 2147483647;
			files = (
				1A8F4FDB1C1F0EA6002B5E04 /* Assets.xcassets in Resources */,
				BD7912AE1C224ED600BF486B /* keyboard.png in Resources */,
				BD7912A51C224ED600BF486B /* Icon.png in Resources */,
				1AD177B01C253DEA00CA4FC6 /* MobilesynthView.xib in Resources */,
				BD7912A81C224ED600BF486B /* PhattyStage-xlarge.jpg in Resources */,
				BD7912A71C224ED600BF486B /* decay.png in Resources */,
				BD7912AB1C224ED600BF486B /* keyboard-full.png in Resources */,
				BD7912B21C224ED600BF486B /* sawtooth-wave.png in Resources */,
				BD7912B71C224ED600BF486B /* storefront.tiff in Resources */,
				BD7912AC1C224ED600BF486B /* keyboard-large.png in Resources */,
				BD7912B31C224ED600BF486B /* square-wave.png in Resources */,
				BD7912AA1C224ED600BF486B /* keyboard-blank.png in Resources */,
				BD7912A91C224ED600BF486B /* mlpf1_large.jpg in Resources */,
				BD7912B81C224ED600BF486B /* sustain.png in Resources */,
				BD7912AD1C224ED600BF486B /* keyboard-max.png in Resources */,
				BD7912B61C224ED600BF486B /* Screenshot 2009.02.28 20.41.23.jpg in Resources */,
				BD7912A41C224ED600BF486B /* Default.png in Resources */,
				BD7912B51C224ED600BF486B /* Screenshot 2009.02.28 20.41.10.jpg in Resources */,
				BD7912A61C224ED600BF486B /* attack.png in Resources */,
				BD7912B41C224ED600BF486B /* Screenshot 2009.02.28 20.38.05.jpg in Resources */,
				BD7912AF1C224ED600BF486B /* mobilesynth.png in Resources */,
				1AD177AF1C253DEA00CA4FC6 /* MainWindow.xib in Resources */,
				BD7912B01C224ED600BF486B /* release.png in Resources */,
				BD7912B11C224ED600BF486B /* reverse-sawtooth-wave.png in Resources */,
				BD7912B91C224ED600BF486B /* triangle-wave.png in Resources */,
			);
			runOnlyForDeploymentPostprocessing = 0;
		};
		1A8F4FE21C1F0EA6002B5E04 /* Resources */ = {
			isa = PBXResourcesBuildPhase;
			buildActionMask = 2147483647;
			files = (
			);
			runOnlyForDeploymentPostprocessing = 0;
		};
		1A8F4FED1C1F0EA6002B5E04 /* Resources */ = {
			isa = PBXResourcesBuildPhase;
			buildActionMask = 2147483647;
			files = (
			);
			runOnlyForDeploymentPostprocessing = 0;
		};
/* End PBXResourcesBuildPhase section */

/* Begin PBXSourcesBuildPhase section */
		1A8F4FCC1C1F0EA6002B5E04 /* Sources */ = {
			isa = PBXSourcesBuildPhase;
			buildActionMask = 2147483647;
			files = (
				1A9A61F91C26E38D001B5DB2 /* KeyView.swift in Sources */,
				1AD17CE01C2C45B100CA4FC6 /* WhiteKeyView.swift in Sources */,
				1A8F500A1C1F0F23002B5E04 /* AppDelegate.swift in Sources */,
				1AD177B41C253EE500CA4FC6 /* ControlScrollView.swift in Sources */,
				1A8F50091C1F0F23002B5E04 /* MobilesynthViewController.swift in Sources */,
				1AD17CD81C2C3BE600CA4FC6 /* BlackKeyView.swift in Sources */,
				1AD177B61C29298900CA4FC6 /* TouchForwardingUIScrollView.swift in Sources */,
			);
			runOnlyForDeploymentPostprocessing = 0;
		};
		1A8F4FE01C1F0EA6002B5E04 /* Sources */ = {
			isa = PBXSourcesBuildPhase;
			buildActionMask = 2147483647;
			files = (
				1A8F4FE91C1F0EA6002B5E04 /* mobilesynthswiftTests.swift in Sources */,
			);
			runOnlyForDeploymentPostprocessing = 0;
		};
		1A8F4FEB1C1F0EA6002B5E04 /* Sources */ = {
			isa = PBXSourcesBuildPhase;
			buildActionMask = 2147483647;
			files = (
				1A8F4FF41C1F0EA6002B5E04 /* mobilesynthswiftUITests.swift in Sources */,
			);
			runOnlyForDeploymentPostprocessing = 0;
		};
/* End PBXSourcesBuildPhase section */

/* Begin PBXTargetDependency section */
		1A8F4FE61C1F0EA6002B5E04 /* PBXTargetDependency */ = {
			isa = PBXTargetDependency;
			target = 1A8F4FCF1C1F0EA6002B5E04 /* mobilesynthswift */;
			targetProxy = 1A8F4FE51C1F0EA6002B5E04 /* PBXContainerItemProxy */;
		};
		1A8F4FF11C1F0EA6002B5E04 /* PBXTargetDependency */ = {
			isa = PBXTargetDependency;
			target = 1A8F4FCF1C1F0EA6002B5E04 /* mobilesynthswift */;
			targetProxy = 1A8F4FF01C1F0EA6002B5E04 /* PBXContainerItemProxy */;
		};
/* End PBXTargetDependency section */

/* Begin PBXVariantGroup section */
		1AD177AB1C253DEA00CA4FC6 /* MainWindow.xib */ = {
			isa = PBXVariantGroup;
			children = (
				1AD177AC1C253DEA00CA4FC6 /* Base */,
			);
			name = MainWindow.xib;
			sourceTree = "<group>";
		};
		1AD177AD1C253DEA00CA4FC6 /* MobilesynthView.xib */ = {
			isa = PBXVariantGroup;
			children = (
				1AD177AE1C253DEA00CA4FC6 /* Base */,
			);
			name = MobilesynthView.xib;
			sourceTree = "<group>";
		};
/* End PBXVariantGroup section */

/* Begin XCBuildConfiguration section */
		1A8F4FF61C1F0EA6002B5E04 /* Debug */ = {
			isa = XCBuildConfiguration;
			buildSettings = {
				ALWAYS_SEARCH_USER_PATHS = NO;
				CLANG_CXX_LANGUAGE_STANDARD = "gnu++0x";
				CLANG_CXX_LIBRARY = "libc++";
				CLANG_ENABLE_MODULES = YES;
				CLANG_ENABLE_OBJC_ARC = YES;
				CLANG_WARN_BOOL_CONVERSION = YES;
				CLANG_WARN_CONSTANT_CONVERSION = YES;
				CLANG_WARN_DIRECT_OBJC_ISA_USAGE = YES_ERROR;
				CLANG_WARN_EMPTY_BODY = YES;
				CLANG_WARN_ENUM_CONVERSION = YES;
				CLANG_WARN_INT_CONVERSION = YES;
				CLANG_WARN_OBJC_ROOT_CLASS = YES_ERROR;
				CLANG_WARN_UNREACHABLE_CODE = YES;
				CLANG_WARN__DUPLICATE_METHOD_MATCH = YES;
				"CODE_SIGN_IDENTITY[sdk=iphoneos*]" = "iPhone Developer";
				COPY_PHASE_STRIP = NO;
				DEBUG_INFORMATION_FORMAT = dwarf;
				ENABLE_STRICT_OBJC_MSGSEND = YES;
				ENABLE_TESTABILITY = YES;
				GCC_C_LANGUAGE_STANDARD = gnu99;
				GCC_DYNAMIC_NO_PIC = NO;
				GCC_NO_COMMON_BLOCKS = YES;
				GCC_OPTIMIZATION_LEVEL = 0;
				GCC_PREPROCESSOR_DEFINITIONS = (
					"DEBUG=1",
					"$(inherited)",
				);
				GCC_WARN_64_TO_32_BIT_CONVERSION = YES;
				GCC_WARN_ABOUT_RETURN_TYPE = YES_ERROR;
				GCC_WARN_UNDECLARED_SELECTOR = YES;
				GCC_WARN_UNINITIALIZED_AUTOS = YES_AGGRESSIVE;
				GCC_WARN_UNUSED_FUNCTION = YES;
				GCC_WARN_UNUSED_VARIABLE = YES;
				IPHONEOS_DEPLOYMENT_TARGET = 9.2;
				MTL_ENABLE_DEBUG_INFO = YES;
				ONLY_ACTIVE_ARCH = YES;
				SDKROOT = iphoneos;
				SWIFT_OPTIMIZATION_LEVEL = "-Onone";
				TARGETED_DEVICE_FAMILY = "1,2";
			};
			name = Debug;
		};
		1A8F4FF71C1F0EA6002B5E04 /* Release */ = {
			isa = XCBuildConfiguration;
			buildSettings = {
				ALWAYS_SEARCH_USER_PATHS = NO;
				CLANG_CXX_LANGUAGE_STANDARD = "gnu++0x";
				CLANG_CXX_LIBRARY = "libc++";
				CLANG_ENABLE_MODULES = YES;
				CLANG_ENABLE_OBJC_ARC = YES;
				CLANG_WARN_BOOL_CONVERSION = YES;
				CLANG_WARN_CONSTANT_CONVERSION = YES;
				CLANG_WARN_DIRECT_OBJC_ISA_USAGE = YES_ERROR;
				CLANG_WARN_EMPTY_BODY = YES;
				CLANG_WARN_ENUM_CONVERSION = YES;
				CLANG_WARN_INT_CONVERSION = YES;
				CLANG_WARN_OBJC_ROOT_CLASS = YES_ERROR;
				CLANG_WARN_UNREACHABLE_CODE = YES;
				CLANG_WARN__DUPLICATE_METHOD_MATCH = YES;
				"CODE_SIGN_IDENTITY[sdk=iphoneos*]" = "iPhone Developer";
				COPY_PHASE_STRIP = NO;
				DEBUG_INFORMATION_FORMAT = "dwarf-with-dsym";
				ENABLE_NS_ASSERTIONS = NO;
				ENABLE_STRICT_OBJC_MSGSEND = YES;
				GCC_C_LANGUAGE_STANDARD = gnu99;
				GCC_NO_COMMON_BLOCKS = YES;
				GCC_WARN_64_TO_32_BIT_CONVERSION = YES;
				GCC_WARN_ABOUT_RETURN_TYPE = YES_ERROR;
				GCC_WARN_UNDECLARED_SELECTOR = YES;
				GCC_WARN_UNINITIALIZED_AUTOS = YES_AGGRESSIVE;
				GCC_WARN_UNUSED_FUNCTION = YES;
				GCC_WARN_UNUSED_VARIABLE = YES;
				IPHONEOS_DEPLOYMENT_TARGET = 9.2;
				MTL_ENABLE_DEBUG_INFO = NO;
				SDKROOT = iphoneos;
				TARGETED_DEVICE_FAMILY = "1,2";
				VALIDATE_PRODUCT = YES;
			};
			name = Release;
		};
		1A8F4FF91C1F0EA6002B5E04 /* Debug */ = {
			isa = XCBuildConfiguration;
			buildSettings = {
				ASSETCATALOG_COMPILER_APPICON_NAME = AppIcon;
				ASSETCATALOG_COMPILER_LAUNCHIMAGE_NAME = "Brand Assets";
				INFOPLIST_FILE = mobilesynthswift/Info.plist;
				IPHONEOS_DEPLOYMENT_TARGET = 7.0;
				LD_RUNPATH_SEARCH_PATHS = "$(inherited) @executable_path/Frameworks";
				PRODUCT_BUNDLE_IDENTIFIER = com.testorg.mobilesynthswift;
				PRODUCT_NAME = "$(TARGET_NAME)";
			};
			name = Debug;
		};
		1A8F4FFA1C1F0EA6002B5E04 /* Release */ = {
			isa = XCBuildConfiguration;
			buildSettings = {
				ASSETCATALOG_COMPILER_APPICON_NAME = AppIcon;
				ASSETCATALOG_COMPILER_LAUNCHIMAGE_NAME = "Brand Assets";
				INFOPLIST_FILE = mobilesynthswift/Info.plist;
				IPHONEOS_DEPLOYMENT_TARGET = 7.0;
				LD_RUNPATH_SEARCH_PATHS = "$(inherited) @executable_path/Frameworks";
				PRODUCT_BUNDLE_IDENTIFIER = com.testorg.mobilesynthswift;
				PRODUCT_NAME = "$(TARGET_NAME)";
			};
			name = Release;
		};
		1A8F4FFC1C1F0EA6002B5E04 /* Debug */ = {
			isa = XCBuildConfiguration;
			buildSettings = {
				BUNDLE_LOADER = "$(TEST_HOST)";
				INFOPLIST_FILE = mobilesynthswiftTests/Info.plist;
				LD_RUNPATH_SEARCH_PATHS = "$(inherited) @executable_path/Frameworks @loader_path/Frameworks";
				PRODUCT_BUNDLE_IDENTIFIER = com.testorg.mobilesynthswift.mobilesynthswiftTests;
				PRODUCT_NAME = "$(TARGET_NAME)";
				TEST_HOST = "$(BUILT_PRODUCTS_DIR)/mobilesynthswift.app/mobilesynthswift";
			};
			name = Debug;
		};
		1A8F4FFD1C1F0EA6002B5E04 /* Release */ = {
			isa = XCBuildConfiguration;
			buildSettings = {
				BUNDLE_LOADER = "$(TEST_HOST)";
				INFOPLIST_FILE = mobilesynthswiftTests/Info.plist;
				LD_RUNPATH_SEARCH_PATHS = "$(inherited) @executable_path/Frameworks @loader_path/Frameworks";
				PRODUCT_BUNDLE_IDENTIFIER = com.testorg.mobilesynthswift.mobilesynthswiftTests;
				PRODUCT_NAME = "$(TARGET_NAME)";
				TEST_HOST = "$(BUILT_PRODUCTS_DIR)/mobilesynthswift.app/mobilesynthswift";
			};
			name = Release;
		};
		1A8F4FFF1C1F0EA6002B5E04 /* Debug */ = {
			isa = XCBuildConfiguration;
			buildSettings = {
				INFOPLIST_FILE = mobilesynthswiftUITests/Info.plist;
				LD_RUNPATH_SEARCH_PATHS = "$(inherited) @executable_path/Frameworks @loader_path/Frameworks";
				PRODUCT_BUNDLE_IDENTIFIER = com.testorg.mobilesynthswift.mobilesynthswiftUITests;
				PRODUCT_NAME = "$(TARGET_NAME)";
				TEST_TARGET_NAME = mobilesynthswift;
				USES_XCTRUNNER = YES;
			};
			name = Debug;
		};
		1A8F50001C1F0EA6002B5E04 /* Release */ = {
			isa = XCBuildConfiguration;
			buildSettings = {
				INFOPLIST_FILE = mobilesynthswiftUITests/Info.plist;
				LD_RUNPATH_SEARCH_PATHS = "$(inherited) @executable_path/Frameworks @loader_path/Frameworks";
				PRODUCT_BUNDLE_IDENTIFIER = com.testorg.mobilesynthswift.mobilesynthswiftUITests;
				PRODUCT_NAME = "$(TARGET_NAME)";
				TEST_TARGET_NAME = mobilesynthswift;
				USES_XCTRUNNER = YES;
			};
			name = Release;
		};
/* End XCBuildConfiguration section */

/* Begin XCConfigurationList section */
		1A8F4FCB1C1F0EA6002B5E04 /* Build configuration list for PBXProject "mobilesynthswift" */ = {
			isa = XCConfigurationList;
			buildConfigurations = (
				1A8F4FF61C1F0EA6002B5E04 /* Debug */,
				1A8F4FF71C1F0EA6002B5E04 /* Release */,
			);
			defaultConfigurationIsVisible = 0;
			defaultConfigurationName = Release;
		};
		1A8F4FF81C1F0EA6002B5E04 /* Build configuration list for PBXNativeTarget "mobilesynthswift" */ = {
			isa = XCConfigurationList;
			buildConfigurations = (
				1A8F4FF91C1F0EA6002B5E04 /* Debug */,
				1A8F4FFA1C1F0EA6002B5E04 /* Release */,
			);
			defaultConfigurationIsVisible = 0;
			defaultConfigurationName = Release;
		};
		1A8F4FFB1C1F0EA6002B5E04 /* Build configuration list for PBXNativeTarget "mobilesynthswiftTests" */ = {
			isa = XCConfigurationList;
			buildConfigurations = (
				1A8F4FFC1C1F0EA6002B5E04 /* Debug */,
				1A8F4FFD1C1F0EA6002B5E04 /* Release */,
			);
			defaultConfigurationIsVisible = 0;
			defaultConfigurationName = Release;
		};
		1A8F4FFE1C1F0EA6002B5E04 /* Build configuration list for PBXNativeTarget "mobilesynthswiftUITests" */ = {
			isa = XCConfigurationList;
			buildConfigurations = (
				1A8F4FFF1C1F0EA6002B5E04 /* Debug */,
				1A8F50001C1F0EA6002B5E04 /* Release */,
			);
			defaultConfigurationIsVisible = 0;
			defaultConfigurationName = Release;
		};
/* End XCConfigurationList section */
	};
	rootObject = 1A8F4FC81C1F0EA6002B5E04 /* Project object */;
}
